
Microsoft Visual Studio Solution File, Format Version 11.00
# Visual Studio 2010
Project("{070BCB52-5A75-4F8C-A973-144AF0EAFCC9}") = "KendoAMMS", "KendoAMMS\KendoAMMS.iceproj", "{07DEEB39-EE22-4C62-9D6A-8D06962C0625}"
EndProject
Global
	GlobalSection(SolutionConfigurationPlatforms) = preSolution
		Debug|Any CPU = Debug|Any CPU
		Release|Any CPU = Release|Any CPU
	EndGlobalSection
	GlobalSection(ProjectConfigurationPlatforms) = postSolution
		{07DEEB39-EE22-4C62-9D6A-8D06962C0625}.Debug|Any CPU.ActiveCfg = Debug|Any CPU
		{07DEEB39-EE22-4C62-9D6A-8D06962C0625}.Debug|Any CPU.Build.0 = Debug|Any CPU
		{07DEEB39-EE22-4C62-9D6A-8D06962C0625}.Release|Any CPU.ActiveCfg = Release|Any CPU
		{07DEEB39-EE22-4C62-9D6A-8D06962C0625}.Release|Any CPU.Build.0 = Release|Any CPU
	EndGlobalSection
	GlobalSection(SolutionProperties) = preSolution
		HideSolutionNode = FALSE
	EndGlobalSection
EndGlobal
